{
  "name": "@dwlib/utf8",
  "version": "1.0.0",
  "lockfileVersion": 1,
  "requires": true,
  "dependencies": {
    "@dwlib/abstract": {
      "version": "1.0.1",
      "resolved": "https://registry.npmjs.org/@dwlib/abstract/-/abstract-1.0.1.tgz",
      "integrity": "sha512-CLWWIIx68Jkb8kW7b32wnBsW+jyRBIE8oEnRIVXxFRGnBIO8+dWnq5eh6z4M2dF4slxjI4NwO7a20Ms7k5wJmg==",
      "requires": {
        "@dwlib/primordials": "^1.0.1"
      }
    },
    "@dwlib/primordials": {
      "version": "1.0.1",
      "resolved": "https://registry.npmjs.org/@dwlib/primordials/-/primordials-1.0.1.tgz",
      "integrity": "sha512-y22ml9FZjJ4rnsKsNtwSPHNtJTJ1UMFw57Hrwes2bmXFvA5+hTaGjBle2sBbSbBdmu+B10um0FWrNUAUluaStA=="
    }
  }
}
