{
  "name": "@dwlib/utf8",
  "version": "1.0.2",
  "lockfileVersion": 1,
  "requires": true,
  "dependencies": {
    "@dwlib/abstract": {
      "version": "1.0.2",
      "resolved": "https://registry.npmjs.org/@dwlib/abstract/-/abstract-1.0.2.tgz",
      "integrity": "sha512-qySFkCsoN1dxMA1lvOWoAY096a4PiVTaWzcip+jzkQVXjZjQp0lzF1O4sPCDhBqO4Jh21XHdwjQJz/cKQykJuw==",
      "requires": {
        "@dwlib/primordials": "^1.0.1"
      }
    },
    "@dwlib/primordials": {
      "version": "1.0.1",
      "resolved": "https://registry.npmjs.org/@dwlib/primordials/-/primordials-1.0.1.tgz",
      "integrity": "sha512-y22ml9FZjJ4rnsKsNtwSPHNtJTJ1UMFw57Hrwes2bmXFvA5+hTaGjBle2sBbSbBdmu+B10um0FWrNUAUluaStA=="
    }
  }
}
